
Microsoft Visual Studio Solution File, Format Version 12.00
# Visual Studio Version 17
VisualStudioVersion = 17.3.32804.467
MinimumVisualStudioVersion = 10.0.40219.1
Project("{FAE04EC0-301F-11D3-BF4B-00C04F79EFBC}") = "InfiniteLoop", "InfiniteLoop\InfiniteLoop.csproj", "{4CB022FF-B61C-4BD5-875F-5FE5A3AA1261}"
EndProject
Global
	GlobalSection(SolutionConfigurationPlatforms) = preSolution
		Debug|Any CPU = Debug|Any CPU
		Release|Any CPU = Release|Any CPU
	EndGlobalSection
	GlobalSection(ProjectConfigurationPlatforms) = postSolution
		{4CB022FF-B61C-4BD5-875F-5FE5A3AA1261}.Debug|Any CPU.ActiveCfg = Debug|Any CPU
		{4CB022FF-B61C-4BD5-875F-5FE5A3AA1261}.Debug|Any CPU.Build.0 = Debug|Any CPU
		{4CB022FF-B61C-4BD5-875F-5FE5A3AA1261}.Release|Any CPU.ActiveCfg = Release|Any CPU
		{4CB022FF-B61C-4BD5-875F-5FE5A3AA1261}.Release|Any CPU.Build.0 = Release|Any CPU
	EndGlobalSection
	GlobalSection(SolutionProperties) = preSolution
		HideSolutionNode = FALSE
	EndGlobalSection
	GlobalSection(ExtensibilityGlobals) = postSolution
		SolutionGuid = {3161AA51-4B7F-4E7B-ACCE-25E957554BD8}
	EndGlobalSection
EndGlobal
