
Microsoft Visual Studio Solution File, Format Version 12.00
# Visual Studio Version 17
VisualStudioVersion = 17.3.32804.467
MinimumVisualStudioVersion = 10.0.40219.1
Project("{FAE04EC0-301F-11D3-BF4B-00C04F79EFBC}") = "ChatServer", "ChatApp\ChatServer.csproj", "{CCEFCD2C-65FE-4E32-846C-D233C6DB766F}"
EndProject
Project("{FAE04EC0-301F-11D3-BF4B-00C04F79EFBC}") = "ChatClient", "ChatClient\ChatClient.csproj", "{7135EB84-EE49-4020-AE57-A5F459E9AD22}"
EndProject
Project("{FAE04EC0-301F-11D3-BF4B-00C04F79EFBC}") = "ClientsPool", "ClientsPool\ClientsPool.csproj", "{44859691-D11A-4351-A38D-B0230ED5F6FB}"
EndProject
Global
	GlobalSection(SolutionConfigurationPlatforms) = preSolution
		Debug|Any CPU = Debug|Any CPU
		Release|Any CPU = Release|Any CPU
	EndGlobalSection
	GlobalSection(ProjectConfigurationPlatforms) = postSolution
		{CCEFCD2C-65FE-4E32-846C-D233C6DB766F}.Debug|Any CPU.ActiveCfg = Debug|Any CPU
		{CCEFCD2C-65FE-4E32-846C-D233C6DB766F}.Debug|Any CPU.Build.0 = Debug|Any CPU
		{CCEFCD2C-65FE-4E32-846C-D233C6DB766F}.Release|Any CPU.ActiveCfg = Release|Any CPU
		{CCEFCD2C-65FE-4E32-846C-D233C6DB766F}.Release|Any CPU.Build.0 = Release|Any CPU
		{7135EB84-EE49-4020-AE57-A5F459E9AD22}.Debug|Any CPU.ActiveCfg = Debug|Any CPU
		{7135EB84-EE49-4020-AE57-A5F459E9AD22}.Debug|Any CPU.Build.0 = Debug|Any CPU
		{7135EB84-EE49-4020-AE57-A5F459E9AD22}.Release|Any CPU.ActiveCfg = Release|Any CPU
		{7135EB84-EE49-4020-AE57-A5F459E9AD22}.Release|Any CPU.Build.0 = Release|Any CPU
		{44859691-D11A-4351-A38D-B0230ED5F6FB}.Debug|Any CPU.ActiveCfg = Debug|Any CPU
		{44859691-D11A-4351-A38D-B0230ED5F6FB}.Debug|Any CPU.Build.0 = Debug|Any CPU
		{44859691-D11A-4351-A38D-B0230ED5F6FB}.Release|Any CPU.ActiveCfg = Release|Any CPU
		{44859691-D11A-4351-A38D-B0230ED5F6FB}.Release|Any CPU.Build.0 = Release|Any CPU
	EndGlobalSection
	GlobalSection(SolutionProperties) = preSolution
		HideSolutionNode = FALSE
	EndGlobalSection
	GlobalSection(ExtensibilityGlobals) = postSolution
		SolutionGuid = {47E8C333-424A-4BBA-ADDB-DDCFAC65579E}
	EndGlobalSection
EndGlobal
